
Microsoft Visual Studio Solution File, Format Version 12.00
# Visual Studio Version 17
VisualStudioVersion = 17.11.35312.102
MinimumVisualStudioVersion = 10.0.40219.1
Project("{9A19103F-16F7-4668-BE54-9A1E7A4F7556}") = "DMS", "DMS.csproj", "{ABC3BD74-47A9-41CA-8EB3-E6D91E524B99}"
EndProject
Global
	GlobalSection(SolutionConfigurationPlatforms) = preSolution
		Debug|Any CPU = Debug|Any CPU
		Release|Any CPU = Release|Any CPU
	EndGlobalSection
	GlobalSection(ProjectConfigurationPlatforms) = postSolution
		{ABC3BD74-47A9-41CA-8EB3-E6D91E524B99}.Debug|Any CPU.ActiveCfg = Debug|Any CPU
		{ABC3BD74-47A9-41CA-8EB3-E6D91E524B99}.Debug|Any CPU.Build.0 = Debug|Any CPU
		{ABC3BD74-47A9-41CA-8EB3-E6D91E524B99}.Release|Any CPU.ActiveCfg = Release|Any CPU
		{ABC3BD74-47A9-41CA-8EB3-E6D91E524B99}.Release|Any CPU.Build.0 = Release|Any CPU
	EndGlobalSection
	GlobalSection(SolutionProperties) = preSolution
		HideSolutionNode = FALSE
	EndGlobalSection
	GlobalSection(ExtensibilityGlobals) = postSolution
		SolutionGuid = {D15143AC-C4EA-462A-BFBE-A5B68ACFF261}
	EndGlobalSection
EndGlobal
